
Microsoft Visual Studio Solution File, Format Version 12.00
# Visual Studio Version 16
VisualStudioVersion = 16.0.32630.194
MinimumVisualStudioVersion = 10.0.40219.1
Project("{FAE04EC0-301F-11D3-BF4B-00C04F79EFBC}") = "Cafe-management-system", "Cafe-management-system.csproj", "{1C42763B-A433-419D-8BE8-5BBA646173AB}"
EndProject
Global
	GlobalSection(SolutionConfigurationPlatforms) = preSolution
		Debug|Any CPU = Debug|Any CPU
		Release|Any CPU = Release|Any CPU
	EndGlobalSection
	GlobalSection(ProjectConfigurationPlatforms) = postSolution
		{1C42763B-A433-419D-8BE8-5BBA646173AB}.Debug|Any CPU.ActiveCfg = Debug|Any CPU
		{1C42763B-A433-419D-8BE8-5BBA646173AB}.Debug|Any CPU.Build.0 = Debug|Any CPU
		{1C42763B-A433-419D-8BE8-5BBA646173AB}.Release|Any CPU.ActiveCfg = Release|Any CPU
		{1C42763B-A433-419D-8BE8-5BBA646173AB}.Release|Any CPU.Build.0 = Release|Any CPU
	EndGlobalSection
	GlobalSection(SolutionProperties) = preSolution
		HideSolutionNode = FALSE
	EndGlobalSection
	GlobalSection(ExtensibilityGlobals) = postSolution
		SolutionGuid = {AF59A2E7-7611-4876-BB8B-6FE72559D813}
	EndGlobalSection
EndGlobal
